{
  "nodes": {
    "flake-compat": {
      "flake": false,
      "locked": {
        "lastModified": 1696426674,
        "narHash": "sha256-kvjfFW7WAETZlt09AgDn1MrtKzP7t90Vf7vypd3OL1U=",
        "owner": "edolstra",
        "repo": "flake-compat",
        "rev": "0f9255e01c2351cc7d116c072cb317785dd33b33",
        "type": "github"
      },
      "original": {
        "owner": "edolstra",
        "repo": "flake-compat",
        "type": "github"
      }
    },
    "ghostty": {
      "flake": false,
      "locked": {
        "lastModified": 1788181613,
        "narHash": "sha256-dRGEEu0H1pPtYxhxoqW9Ov2bsHOCOk9l0NDJkcWzYqc=",
        "owner": "ghostty-org",
        "repo": "ghostty",
        "rev": "d4d8f62262cb1a974a7d2470d5f79f811fab15e4",
        "type": "github"
      },
      "original": {
        "owner": "ghostty-org",
        "repo": "ghostty",
        "type": "github"
      }
    },
    "nixpkgs": {
      "locked": {
        "lastModified": 1788039129,
        "narHash": "sha256-pa4Q0qErvCvzCaaUph7Sm37RhR4xvPrYI8Lgz6k85+A=",
        "owner": "NixOS",
        "repo": "nixpkgs",
        "rev": "d2f67949798825fe853f7c5d0492b8bf016d3f88",
        "type": "github"
      },
      "original": {
        "owner": "NixOS",
        "ref": "nixos-unstable",
        "repo": "nixpkgs",
        "type": "github"
      }
    },
    "root": {
      "inputs": {
        "ghostty": "ghostty",
        "nixpkgs": "nixpkgs",
        "rush": "rush",
        "systems": "systems",
        "zig": "zig"
      }
    },
    "rush": {
      "flake": false,
      "locked": {
        "lastModified": 1787308100,
        "narHash": "sha256-aSImbTf5e92kil3sRNTiSw9vBHlYL2FQ0ngcaxqCBpY=",
        "owner": "uzaaft",
        "repo": "rush",
        "rev": "3c186e3a6a95a5bdbf9467e01451c82d6b5b434a",
        "type": "github"
      },
      "original": {
        "owner": "uzaaft",
        "repo": "rush",
        "type": "github"
      }
    },
    "systems": {
      "locked": {
        "lastModified": 1681028828,
        "narHash": "sha256-Vy1rq5AaRuLzOxct8nz4T6wlgyUR7zLU309k9mBC768=",
        "owner": "nix-systems",
        "repo": "default",
        "rev": "da67096a3b9bf56a91d16901293e51ba5b49a27e",
        "type": "github"
      },
      "original": {
        "owner": "nix-systems",
        "repo": "default",
        "type": "github"
      }
    },
    "zig": {
      "inputs": {
        "flake-compat": "flake-compat",
        "nixpkgs": [
          "nixpkgs"
        ],
        "systems": [
          "systems"
        ]
      },
      "locked": {
        "lastModified": 1788179374,
        "narHash": "sha256-/MFH9nPJQjZp2Q8MRUNd4d1BFR2B2y0XghlMoOF6pVo=",
        "owner": "mitchellh",
        "repo": "zig-overlay",
        "rev": "be44434ca72b74fff53fc05dbbe59df028737e35",
        "type": "github"
      },
      "original": {
        "owner": "mitchellh",
        "repo": "zig-overlay",
        "type": "github"
      }
    }
  },
  "root": "root",
  "version": 7
}
